{
  "_readme": [
    "This file locks the dependencies of your project to a known state"
  ],
  "content_hash": "TODO-hash-of-composer-json",
  "packages": [
    {
      "name": "guzzlehttp/guzzle",
      "version": "7.10.0",
      "version_normalized": "7.10.0.0",
      "require": {
        "ext-json": "*",
        "symfony/deprecation-contracts": "^2.2 || ^3.0",
        "php": "^7.2.5 || ^8.0",
        "guzzlehttp/psr7": "^2.8",
        "psr/http-client": "^1.0",
        "guzzlehttp/promises": "^2.3"
      },
      "dist": {
        "url": "https://api.github.com/repos/guzzle/guzzle/zipball/b51ac707cfa420b7bfd4e4d5e510ba8008e822b4",
        "type": "zip",
        "reference": "b51ac707cfa420b7bfd4e4d5e510ba8008e822b4",
        "shasum": ""
      }
    },
    {
      "name": "monolog/monolog",
      "version": "2.10.0",
      "version_normalized": "2.10.0.0",
      "require": {
        "psr/log": "^1.0.1 || ^2.0 || ^3.0",
        "php": ">=7.2"
      },
      "dist": {
        "url": "https://api.github.com/repos/Seldaek/monolog/zipball/5cf826f2991858b54d5c3809bee745560a1042a7",
        "type": "zip",
        "reference": "5cf826f2991858b54d5c3809bee745560a1042a7",
        "shasum": ""
      }
    },
    {
      "name": "symfony/deprecation-contracts",
      "version": "v3.6.0-BETA1",
      "version_normalized": "3.6.0.0-beta1",
      "require": {},
      "dist": null
    },
    {
      "name": "guzzlehttp/psr7",
      "version": "2.8.0",
      "version_normalized": "2.8.0.0",
      "require": {
        "psr/http-message": "^1.1 || ^2.0",
        "ralouphie/getallheaders": "^3.0",
        "php": "^7.2.5 || ^8.0",
        "psr/http-factory": "^1.0"
      },
      "dist": {
        "url": "https://api.github.com/repos/guzzle/psr7/zipball/21dc724a0583619cd1652f673303492272778051",
        "type": "zip",
        "reference": "21dc724a0583619cd1652f673303492272778051",
        "shasum": ""
      }
    },
    {
      "name": "psr/http-client",
      "version": "1.0.3",
      "version_normalized": "1.0.3.0",
      "require": {
        "php": "^7.0 || ^8.0",
        "psr/http-message": "^1.0 || ^2.0"
      },
      "dist": {
        "url": "https://api.github.com/repos/php-fig/http-client/zipball/bb5906edc1c324c9a05aa0873d40117941e5fa90",
        "type": "zip",
        "reference": "bb5906edc1c324c9a05aa0873d40117941e5fa90",
        "shasum": ""
      }
    },
    {
      "name": "guzzlehttp/promises",
      "version": "2.3.0",
      "version_normalized": "2.3.0.0",
      "require": {
        "php": "^7.2.5 || ^8.0"
      },
      "dist": {
        "url": "https://api.github.com/repos/guzzle/promises/zipball/481557b130ef3790cf82b713667b43030dc9c957",
        "type": "zip",
        "reference": "481557b130ef3790cf82b713667b43030dc9c957",
        "shasum": ""
      }
    },
    {
      "name": "psr/log",
      "version": "3.0.2",
      "version_normalized": "3.0.2.0",
      "require": {
        "php": ">=8.0.0"
      },
      "dist": {
        "url": "https://api.github.com/repos/php-fig/log/zipball/f16e1d5863e37f8d8c2a01719f5b34baa2b714d3",
        "type": "zip",
        "reference": "f16e1d5863e37f8d8c2a01719f5b34baa2b714d3",
        "shasum": ""
      }
    },
    {
      "name": "psr/http-message",
      "version": "2.0",
      "version_normalized": "2.0.0.0",
      "require": {
        "php": "^7.2 || ^8.0"
      },
      "dist": {
        "url": "https://api.github.com/repos/php-fig/http-message/zipball/402d35bcb92c70c026d1a6a9883f06b2ead23d71",
        "type": "zip",
        "reference": "402d35bcb92c70c026d1a6a9883f06b2ead23d71",
        "shasum": ""
      }
    },
    {
      "name": "ralouphie/getallheaders",
      "version": "3.0.3",
      "version_normalized": "3.0.3.0",
      "require": {
        "php": ">=5.6"
      },
      "dist": {
        "url": "https://api.github.com/repos/ralouphie/getallheaders/zipball/120b605dfeb996808c31b6477290a714d356e822",
        "type": "zip",
        "reference": "120b605dfeb996808c31b6477290a714d356e822",
        "shasum": ""
      }
    },
    {
      "name": "psr/http-factory",
      "version": "1.1.0",
      "version_normalized": "1.1.0.0",
      "require": {
        "php": ">=7.1",
        "psr/http-message": "^1.0 || ^2.0"
      },
      "dist": {
        "url": "https://api.github.com/repos/php-fig/http-factory/zipball/2b4765fddfe3b508ac62f829e852b1501d3f6e8a",
        "type": "zip",
        "reference": "2b4765fddfe3b508ac62f829e852b1501d3f6e8a",
        "shasum": ""
      }
    }
  ],
  "packages_dev": []
}